
Microsoft Visual Studio Solution File, Format Version 12.00
# Visual Studio Version 16
VisualStudioVersion = 16.0.30330.147
MinimumVisualStudioVersion = 10.0.40219.1
Project("{2150E333-8FDC-42A3-9474-1A3956D46DE8}") = "Src", "Src", "{529AE252-F099-4159-B579-3E1CE8109EDC}"
EndProject
Project("{2150E333-8FDC-42A3-9474-1A3956D46DE8}") = "Core", "Core", "{E06CEB6C-35C0-40F7-A740-3193497A669A}"
EndProject
Project("{2150E333-8FDC-42A3-9474-1A3956D46DE8}") = "Infrustructure", "Infrustructure", "{F2E92A0D-08D7-4E11-B553-80E29F69276B}"
EndProject
Project("{2150E333-8FDC-42A3-9474-1A3956D46DE8}") = "ServiceEndPoint", "ServiceEndPoint", "{EF335200-079D-45B3-B395-D4C1A6231CFE}"
EndProject
Project("{2150E333-8FDC-42A3-9474-1A3956D46DE8}") = "Test", "Test", "{4DDA165F-5590-4708-B3A7-5222B314462C}"
EndProject
Project("{2150E333-8FDC-42A3-9474-1A3956D46DE8}") = "Api", "Api", "{8052E0A5-AACA-4BC2-B690-F419F1708D14}"
EndProject
Project("{2150E333-8FDC-42A3-9474-1A3956D46DE8}") = "DataAccess", "DataAccess", "{146B6C6A-2139-4614-AB2B-286B4618DD39}"
EndProject
Project("{9A19103F-16F7-4668-BE54-9A1E7A4F7556}") = "DDDTest.Domain", "Src\Core\DDDTest.Domain\DDDTest.Domain.csproj", "{BDD28BF2-C985-4BFE-A52E-585D1B8EEF28}"
EndProject
Project("{9A19103F-16F7-4668-BE54-9A1E7A4F7556}") = "DDDTest.Services", "Src\Core\DDDTest.Services\DDDTest.Services.csproj", "{38B403CD-4E92-4F92-8E35-26EC2C3A2886}"
EndProject
Project("{9A19103F-16F7-4668-BE54-9A1E7A4F7556}") = "DDDTest.Api", "Src\ServiceEndPoint\Api\DDDTest.Api\DDDTest.Api.csproj", "{CD0D38EE-ABFC-4406-B7B7-7C5B979A0294}"
EndProject
Project("{9A19103F-16F7-4668-BE54-9A1E7A4F7556}") = "DDDtest.Infra.DA", "Src\Infrustructure\DataAccess\DDDtest.Infra.DA\DDDtest.Infra.DA.csproj", "{EE6C550F-2AE5-4E8B-81E6-DE3F8A46B69A}"
EndProject
Global
	GlobalSection(SolutionConfigurationPlatforms) = preSolution
		Debug|Any CPU = Debug|Any CPU
		Release|Any CPU = Release|Any CPU
	EndGlobalSection
	GlobalSection(ProjectConfigurationPlatforms) = postSolution
		{BDD28BF2-C985-4BFE-A52E-585D1B8EEF28}.Debug|Any CPU.ActiveCfg = Debug|Any CPU
		{BDD28BF2-C985-4BFE-A52E-585D1B8EEF28}.Debug|Any CPU.Build.0 = Debug|Any CPU
		{BDD28BF2-C985-4BFE-A52E-585D1B8EEF28}.Release|Any CPU.ActiveCfg = Release|Any CPU
		{BDD28BF2-C985-4BFE-A52E-585D1B8EEF28}.Release|Any CPU.Build.0 = Release|Any CPU
		{38B403CD-4E92-4F92-8E35-26EC2C3A2886}.Debug|Any CPU.ActiveCfg = Debug|Any CPU
		{38B403CD-4E92-4F92-8E35-26EC2C3A2886}.Debug|Any CPU.Build.0 = Debug|Any CPU
		{38B403CD-4E92-4F92-8E35-26EC2C3A2886}.Release|Any CPU.ActiveCfg = Release|Any CPU
		{38B403CD-4E92-4F92-8E35-26EC2C3A2886}.Release|Any CPU.Build.0 = Release|Any CPU
		{CD0D38EE-ABFC-4406-B7B7-7C5B979A0294}.Debug|Any CPU.ActiveCfg = Debug|Any CPU
		{CD0D38EE-ABFC-4406-B7B7-7C5B979A0294}.Debug|Any CPU.Build.0 = Debug|Any CPU
		{CD0D38EE-ABFC-4406-B7B7-7C5B979A0294}.Release|Any CPU.ActiveCfg = Release|Any CPU
		{CD0D38EE-ABFC-4406-B7B7-7C5B979A0294}.Release|Any CPU.Build.0 = Release|Any CPU
		{EE6C550F-2AE5-4E8B-81E6-DE3F8A46B69A}.Debug|Any CPU.ActiveCfg = Debug|Any CPU
		{EE6C550F-2AE5-4E8B-81E6-DE3F8A46B69A}.Debug|Any CPU.Build.0 = Debug|Any CPU
		{EE6C550F-2AE5-4E8B-81E6-DE3F8A46B69A}.Release|Any CPU.ActiveCfg = Release|Any CPU
		{EE6C550F-2AE5-4E8B-81E6-DE3F8A46B69A}.Release|Any CPU.Build.0 = Release|Any CPU
	EndGlobalSection
	GlobalSection(SolutionProperties) = preSolution
		HideSolutionNode = FALSE
	EndGlobalSection
	GlobalSection(NestedProjects) = preSolution
		{E06CEB6C-35C0-40F7-A740-3193497A669A} = {529AE252-F099-4159-B579-3E1CE8109EDC}
		{F2E92A0D-08D7-4E11-B553-80E29F69276B} = {529AE252-F099-4159-B579-3E1CE8109EDC}
		{EF335200-079D-45B3-B395-D4C1A6231CFE} = {529AE252-F099-4159-B579-3E1CE8109EDC}
		{8052E0A5-AACA-4BC2-B690-F419F1708D14} = {EF335200-079D-45B3-B395-D4C1A6231CFE}
		{146B6C6A-2139-4614-AB2B-286B4618DD39} = {F2E92A0D-08D7-4E11-B553-80E29F69276B}
		{BDD28BF2-C985-4BFE-A52E-585D1B8EEF28} = {E06CEB6C-35C0-40F7-A740-3193497A669A}
		{38B403CD-4E92-4F92-8E35-26EC2C3A2886} = {E06CEB6C-35C0-40F7-A740-3193497A669A}
		{CD0D38EE-ABFC-4406-B7B7-7C5B979A0294} = {8052E0A5-AACA-4BC2-B690-F419F1708D14}
		{EE6C550F-2AE5-4E8B-81E6-DE3F8A46B69A} = {146B6C6A-2139-4614-AB2B-286B4618DD39}
	EndGlobalSection
	GlobalSection(ExtensibilityGlobals) = postSolution
		SolutionGuid = {366D8AB9-C8A8-4572-B205-FCFB4879BAB7}
	EndGlobalSection
EndGlobal
